
Microsoft Visual Studio Solution File, Format Version 12.00
# Visual Studio Version 17
VisualStudioVersion = 17.11.35327.3
MinimumVisualStudioVersion = 10.0.40219.1
Project("{9A19103F-16F7-4668-BE54-9A1E7A4F7556}") = "BladesCalc", "CalcByBlades\BladesCalc.csproj", "{B4E16ADA-F140-4C5F-9DD6-900E29BFAD1A}"
EndProject
Project("{9A19103F-16F7-4668-BE54-9A1E7A4F7556}") = "Common", "Common\Common.csproj", "{05BC3CEC-DD62-4D0F-8838-A77BE84A9E05}"
EndProject
Project("{9A19103F-16F7-4668-BE54-9A1E7A4F7556}") = "SpeedCalc", "SpeedCalc\SpeedCalc.csproj", "{8034B0C4-78E1-4BEE-B044-E6487E5B15A9}"
EndProject
Project("{FAE04EC0-301F-11D3-BF4B-00C04F79EFBC}") = "SelectedFan", "SelectedFan\SelectedFan.csproj", "{AAFF5261-3C8B-447E-AAB2-7F244D0886C6}"
EndProject
Global
	GlobalSection(SolutionConfigurationPlatforms) = preSolution
		Debug|Any CPU = Debug|Any CPU
		Release|Any CPU = Release|Any CPU
	EndGlobalSection
	GlobalSection(ProjectConfigurationPlatforms) = postSolution
		{B4E16ADA-F140-4C5F-9DD6-900E29BFAD1A}.Debug|Any CPU.ActiveCfg = Debug|Any CPU
		{B4E16ADA-F140-4C5F-9DD6-900E29BFAD1A}.Debug|Any CPU.Build.0 = Debug|Any CPU
		{B4E16ADA-F140-4C5F-9DD6-900E29BFAD1A}.Release|Any CPU.ActiveCfg = Release|Any CPU
		{B4E16ADA-F140-4C5F-9DD6-900E29BFAD1A}.Release|Any CPU.Build.0 = Release|Any CPU
		{05BC3CEC-DD62-4D0F-8838-A77BE84A9E05}.Debug|Any CPU.ActiveCfg = Debug|Any CPU
		{05BC3CEC-DD62-4D0F-8838-A77BE84A9E05}.Debug|Any CPU.Build.0 = Debug|Any CPU
		{05BC3CEC-DD62-4D0F-8838-A77BE84A9E05}.Release|Any CPU.ActiveCfg = Release|Any CPU
		{05BC3CEC-DD62-4D0F-8838-A77BE84A9E05}.Release|Any CPU.Build.0 = Release|Any CPU
		{8034B0C4-78E1-4BEE-B044-E6487E5B15A9}.Debug|Any CPU.ActiveCfg = Debug|Any CPU
		{8034B0C4-78E1-4BEE-B044-E6487E5B15A9}.Debug|Any CPU.Build.0 = Debug|Any CPU
		{8034B0C4-78E1-4BEE-B044-E6487E5B15A9}.Release|Any CPU.ActiveCfg = Release|Any CPU
		{8034B0C4-78E1-4BEE-B044-E6487E5B15A9}.Release|Any CPU.Build.0 = Release|Any CPU
		{AAFF5261-3C8B-447E-AAB2-7F244D0886C6}.Debug|Any CPU.ActiveCfg = Debug|Any CPU
		{AAFF5261-3C8B-447E-AAB2-7F244D0886C6}.Debug|Any CPU.Build.0 = Debug|Any CPU
		{AAFF5261-3C8B-447E-AAB2-7F244D0886C6}.Release|Any CPU.ActiveCfg = Release|Any CPU
		{AAFF5261-3C8B-447E-AAB2-7F244D0886C6}.Release|Any CPU.Build.0 = Release|Any CPU
	EndGlobalSection
	GlobalSection(SolutionProperties) = preSolution
		HideSolutionNode = FALSE
	EndGlobalSection
	GlobalSection(ExtensibilityGlobals) = postSolution
		SolutionGuid = {6CE0C36B-7C63-4638-BEA3-4D6726C20C15}
	EndGlobalSection
EndGlobal
